
Microsoft Visual Studio Solution File, Format Version 12.00
# Visual Studio Version 16
VisualStudioVersion = 16.0.34114.132
MinimumVisualStudioVersion = 10.0.40219.1
Project("{FAE04EC0-301F-11D3-BF4B-00C04F79EFBC}") = "Telefon_Rehberi", "Telefon_Rehberi\Telefon_Rehberi.csproj", "{826FEC8D-FAFA-4272-9999-57AC33FB71AE}"
EndProject
Global
	GlobalSection(SolutionConfigurationPlatforms) = preSolution
		Debug|Any CPU = Debug|Any CPU
		Release|Any CPU = Release|Any CPU
	EndGlobalSection
	GlobalSection(ProjectConfigurationPlatforms) = postSolution
		{826FEC8D-FAFA-4272-9999-57AC33FB71AE}.Debug|Any CPU.ActiveCfg = Debug|Any CPU
		{826FEC8D-FAFA-4272-9999-57AC33FB71AE}.Debug|Any CPU.Build.0 = Debug|Any CPU
		{826FEC8D-FAFA-4272-9999-57AC33FB71AE}.Release|Any CPU.ActiveCfg = Release|Any CPU
		{826FEC8D-FAFA-4272-9999-57AC33FB71AE}.Release|Any CPU.Build.0 = Release|Any CPU
	EndGlobalSection
	GlobalSection(SolutionProperties) = preSolution
		HideSolutionNode = FALSE
	EndGlobalSection
	GlobalSection(ExtensibilityGlobals) = postSolution
		SolutionGuid = {3E5FCC0F-1AF9-4E7E-BFEF-8AF7C06CB6B4}
	EndGlobalSection
EndGlobal
